
Microsoft Visual Studio Solution File, Format Version 12.00
# Visual Studio Version 16
VisualStudioVersion = 17.0.31611.283
MinimumVisualStudioVersion = 10.0.40219.1
Project("{FAE04EC0-301F-11D3-BF4B-00C04F79EFBC}") = "HikeTerminalPOS", "HikeTerminalPOS\HikePOS.csproj", "{F52D2230-D742-49B5-A246-EB832513B2CF}"
EndProject
Global
	GlobalSection(SolutionConfigurationPlatforms) = preSolution
		Debug|Any CPU = Debug|Any CPU
		Release|Any CPU = Release|Any CPU
	EndGlobalSection
	GlobalSection(ProjectConfigurationPlatforms) = postSolution
		{F52D2230-D742-49B5-A246-EB832513B2CF}.Debug|Any CPU.ActiveCfg = Debug|Any CPU
		{F52D2230-D742-49B5-A246-EB832513B2CF}.Debug|Any CPU.Build.0 = Debug|Any CPU
		{F52D2230-D742-49B5-A246-EB832513B2CF}.Debug|Any CPU.Deploy.0 = Debug|Any CPU
		{F52D2230-D742-49B5-A246-EB832513B2CF}.Release|Any CPU.ActiveCfg = Release|Any CPU
		{F52D2230-D742-49B5-A246-EB832513B2CF}.Release|Any CPU.Build.0 = Release|Any CPU
		{F52D2230-D742-49B5-A246-EB832513B2CF}.Release|Any CPU.Deploy.0 = Release|Any CPU
		{8951AC04-98D6-474A-9B32-FDDE6B51EAB9}.Debug|Any CPU.ActiveCfg = Debug|Any CPU
		{8951AC04-98D6-474A-9B32-FDDE6B51EAB9}.Debug|Any CPU.Build.0 = Debug|Any CPU
		{8951AC04-98D6-474A-9B32-FDDE6B51EAB9}.Release|Any CPU.ActiveCfg = Release|Any CPU
		{8951AC04-98D6-474A-9B32-FDDE6B51EAB9}.Release|Any CPU.Build.0 = Release|Any CPU
		{07E8AC67-CD6D-4002-A05B-7DD152703BE3}.Debug|Any CPU.ActiveCfg = Debug|Any CPU
		{07E8AC67-CD6D-4002-A05B-7DD152703BE3}.Debug|Any CPU.Build.0 = Debug|Any CPU
		{07E8AC67-CD6D-4002-A05B-7DD152703BE3}.Release|Any CPU.ActiveCfg = Release|Any CPU
		{07E8AC67-CD6D-4002-A05B-7DD152703BE3}.Release|Any CPU.Build.0 = Release|Any CPU
		{F1002BF9-2DCE-4EA5-A480-B5B7E80E3173}.Debug|Any CPU.ActiveCfg = Debug|Any CPU
		{F1002BF9-2DCE-4EA5-A480-B5B7E80E3173}.Debug|Any CPU.Build.0 = Debug|Any CPU
		{F1002BF9-2DCE-4EA5-A480-B5B7E80E3173}.Release|Any CPU.ActiveCfg = Release|Any CPU
		{F1002BF9-2DCE-4EA5-A480-B5B7E80E3173}.Release|Any CPU.Build.0 = Release|Any CPU
		{C759A465-1CE0-40FD-9E34-BC9309228F65}.Debug|Any CPU.ActiveCfg = Debug|Any CPU
		{C759A465-1CE0-40FD-9E34-BC9309228F65}.Debug|Any CPU.Build.0 = Debug|Any CPU
		{C759A465-1CE0-40FD-9E34-BC9309228F65}.Release|Any CPU.ActiveCfg = Release|Any CPU
		{C759A465-1CE0-40FD-9E34-BC9309228F65}.Release|Any CPU.Build.0 = Release|Any CPU
		{AECE75EC-30F9-400F-A57B-46AD8E5B64D8}.Debug|Any CPU.ActiveCfg = Debug|Any CPU
		{AECE75EC-30F9-400F-A57B-46AD8E5B64D8}.Debug|Any CPU.Build.0 = Debug|Any CPU
		{AECE75EC-30F9-400F-A57B-46AD8E5B64D8}.Release|Any CPU.ActiveCfg = Release|Any CPU
		{AECE75EC-30F9-400F-A57B-46AD8E5B64D8}.Release|Any CPU.Build.0 = Release|Any CPU
		{F4D30C0D-0B94-4C9A-B908-849B2944F984}.Debug|Any CPU.ActiveCfg = Debug|Any CPU
		{F4D30C0D-0B94-4C9A-B908-849B2944F984}.Debug|Any CPU.Build.0 = Debug|Any CPU
		{F4D30C0D-0B94-4C9A-B908-849B2944F984}.Release|Any CPU.ActiveCfg = Release|Any CPU
		{F4D30C0D-0B94-4C9A-B908-849B2944F984}.Release|Any CPU.Build.0 = Release|Any CPU
		{F354C453-068A-4C7B-87EC-9F809FCF8D63}.Debug|Any CPU.ActiveCfg = Debug|Any CPU
		{F354C453-068A-4C7B-87EC-9F809FCF8D63}.Debug|Any CPU.Build.0 = Debug|Any CPU
		{F354C453-068A-4C7B-87EC-9F809FCF8D63}.Release|Any CPU.ActiveCfg = Release|Any CPU
		{F354C453-068A-4C7B-87EC-9F809FCF8D63}.Release|Any CPU.Build.0 = Release|Any CPU
		{429E46E4-0514-496C-AB9F-A0932719628F}.Debug|Any CPU.ActiveCfg = Debug|Any CPU
		{429E46E4-0514-496C-AB9F-A0932719628F}.Debug|Any CPU.Build.0 = Debug|Any CPU
		{429E46E4-0514-496C-AB9F-A0932719628F}.Release|Any CPU.ActiveCfg = Release|Any CPU
		{429E46E4-0514-496C-AB9F-A0932719628F}.Release|Any CPU.Build.0 = Release|Any CPU
		{DA079B22-0A58-402D-AAA0-4058F2B26B68}.Debug|Any CPU.ActiveCfg = Debug|Any CPU
		{DA079B22-0A58-402D-AAA0-4058F2B26B68}.Debug|Any CPU.Build.0 = Debug|Any CPU
		{DA079B22-0A58-402D-AAA0-4058F2B26B68}.Release|Any CPU.ActiveCfg = Release|Any CPU
		{DA079B22-0A58-402D-AAA0-4058F2B26B68}.Release|Any CPU.Build.0 = Release|Any CPU
		{6F25F385-CE30-42B3-8A40-FC32CD945FBC}.Debug|Any CPU.ActiveCfg = Debug|Any CPU
		{6F25F385-CE30-42B3-8A40-FC32CD945FBC}.Debug|Any CPU.Build.0 = Debug|Any CPU
		{6F25F385-CE30-42B3-8A40-FC32CD945FBC}.Release|Any CPU.ActiveCfg = Release|Any CPU
		{6F25F385-CE30-42B3-8A40-FC32CD945FBC}.Release|Any CPU.Build.0 = Release|Any CPU
		{826E5EF6-B058-4545-A21A-EE402E06888F}.Debug|Any CPU.ActiveCfg = Debug|Any CPU
		{826E5EF6-B058-4545-A21A-EE402E06888F}.Debug|Any CPU.Build.0 = Debug|Any CPU
		{826E5EF6-B058-4545-A21A-EE402E06888F}.Release|Any CPU.ActiveCfg = Release|Any CPU
		{826E5EF6-B058-4545-A21A-EE402E06888F}.Release|Any CPU.Build.0 = Release|Any CPU
		{DCD3E92D-DA22-448D-A760-42C447F1E144}.Debug|Any CPU.ActiveCfg = Debug|Any CPU
		{DCD3E92D-DA22-448D-A760-42C447F1E144}.Debug|Any CPU.Build.0 = Debug|Any CPU
		{DCD3E92D-DA22-448D-A760-42C447F1E144}.Release|Any CPU.ActiveCfg = Release|Any CPU
		{DCD3E92D-DA22-448D-A760-42C447F1E144}.Release|Any CPU.Build.0 = Release|Any CPU
		{0B304CCB-BDB6-4262-9449-20B52ECFF167}.Debug|Any CPU.ActiveCfg = Debug|Any CPU
		{0B304CCB-BDB6-4262-9449-20B52ECFF167}.Debug|Any CPU.Build.0 = Debug|Any CPU
		{0B304CCB-BDB6-4262-9449-20B52ECFF167}.Release|Any CPU.ActiveCfg = Release|Any CPU
		{0B304CCB-BDB6-4262-9449-20B52ECFF167}.Release|Any CPU.Build.0 = Release|Any CPU
		{FD94F2F9-E271-4E9D-A41D-E64C53C27CD1}.Debug|Any CPU.ActiveCfg = Debug|Any CPU
		{FD94F2F9-E271-4E9D-A41D-E64C53C27CD1}.Debug|Any CPU.Build.0 = Debug|Any CPU
		{FD94F2F9-E271-4E9D-A41D-E64C53C27CD1}.Release|Any CPU.ActiveCfg = Release|Any CPU
		{FD94F2F9-E271-4E9D-A41D-E64C53C27CD1}.Release|Any CPU.Build.0 = Release|Any CPU
		{5361B93D-5311-47A8-AE35-A0586BF21973}.Debug|Any CPU.ActiveCfg = Debug|Any CPU
		{5361B93D-5311-47A8-AE35-A0586BF21973}.Debug|Any CPU.Build.0 = Debug|Any CPU
		{5361B93D-5311-47A8-AE35-A0586BF21973}.Release|Any CPU.ActiveCfg = Release|Any CPU
		{5361B93D-5311-47A8-AE35-A0586BF21973}.Release|Any CPU.Build.0 = Release|Any CPU
		{D13B1B2B-121C-478F-854B-D7D8D506FD9B}.Debug|Any CPU.ActiveCfg = Debug|Any CPU
		{D13B1B2B-121C-478F-854B-D7D8D506FD9B}.Debug|Any CPU.Build.0 = Debug|Any CPU
		{D13B1B2B-121C-478F-854B-D7D8D506FD9B}.Release|Any CPU.ActiveCfg = Release|Any CPU
		{D13B1B2B-121C-478F-854B-D7D8D506FD9B}.Release|Any CPU.Build.0 = Release|Any CPU
		{06248E39-D758-4937-B613-03DF03456FFF}.Debug|Any CPU.ActiveCfg = Debug|Any CPU
		{06248E39-D758-4937-B613-03DF03456FFF}.Debug|Any CPU.Build.0 = Debug|Any CPU
		{06248E39-D758-4937-B613-03DF03456FFF}.Release|Any CPU.ActiveCfg = Release|Any CPU
		{06248E39-D758-4937-B613-03DF03456FFF}.Release|Any CPU.Build.0 = Release|Any CPU
		{0EAABA80-16C8-4E6A-8950-A49DB269BD88}.Debug|Any CPU.ActiveCfg = Debug|Any CPU
		{0EAABA80-16C8-4E6A-8950-A49DB269BD88}.Debug|Any CPU.Build.0 = Debug|Any CPU
		{0EAABA80-16C8-4E6A-8950-A49DB269BD88}.Release|Any CPU.ActiveCfg = Release|Any CPU
		{0EAABA80-16C8-4E6A-8950-A49DB269BD88}.Release|Any CPU.Build.0 = Release|Any CPU
		{9063782E-E219-4711-A11F-C14ED116E105}.Debug|Any CPU.ActiveCfg = Debug|Any CPU
		{9063782E-E219-4711-A11F-C14ED116E105}.Debug|Any CPU.Build.0 = Debug|Any CPU
		{9063782E-E219-4711-A11F-C14ED116E105}.Release|Any CPU.ActiveCfg = Release|Any CPU
		{9063782E-E219-4711-A11F-C14ED116E105}.Release|Any CPU.Build.0 = Release|Any CPU
		{65427678-71E1-4627-90FD-D6DACDDE3F90}.Debug|Any CPU.ActiveCfg = Debug|Any CPU
		{65427678-71E1-4627-90FD-D6DACDDE3F90}.Debug|Any CPU.Build.0 = Debug|Any CPU
		{65427678-71E1-4627-90FD-D6DACDDE3F90}.Release|Any CPU.ActiveCfg = Release|Any CPU
		{65427678-71E1-4627-90FD-D6DACDDE3F90}.Release|Any CPU.Build.0 = Release|Any CPU
		{4143C8EB-AD97-4032-AFA6-3020F7D8860D}.Debug|Any CPU.ActiveCfg = Debug|Any CPU
		{4143C8EB-AD97-4032-AFA6-3020F7D8860D}.Debug|Any CPU.Build.0 = Debug|Any CPU
		{4143C8EB-AD97-4032-AFA6-3020F7D8860D}.Release|Any CPU.ActiveCfg = Release|Any CPU
		{4143C8EB-AD97-4032-AFA6-3020F7D8860D}.Release|Any CPU.Build.0 = Release|Any CPU
		{0314BFCB-DD72-4595-AF52-F89DB60AF93A}.Debug|Any CPU.ActiveCfg = Debug|Any CPU
		{0314BFCB-DD72-4595-AF52-F89DB60AF93A}.Debug|Any CPU.Build.0 = Debug|Any CPU
		{0314BFCB-DD72-4595-AF52-F89DB60AF93A}.Release|Any CPU.ActiveCfg = Release|Any CPU
		{0314BFCB-DD72-4595-AF52-F89DB60AF93A}.Release|Any CPU.Build.0 = Release|Any CPU
		{AB09DAB4-CD5C-4125-BCA2-4D03290D93BF}.Debug|Any CPU.ActiveCfg = Debug|Any CPU
		{AB09DAB4-CD5C-4125-BCA2-4D03290D93BF}.Debug|Any CPU.Build.0 = Debug|Any CPU
		{AB09DAB4-CD5C-4125-BCA2-4D03290D93BF}.Release|Any CPU.ActiveCfg = Release|Any CPU
		{AB09DAB4-CD5C-4125-BCA2-4D03290D93BF}.Release|Any CPU.Build.0 = Release|Any CPU
		{698948BC-6E10-4CE0-A646-BF9C73C4556B}.Debug|Any CPU.ActiveCfg = Debug|Any CPU
		{698948BC-6E10-4CE0-A646-BF9C73C4556B}.Debug|Any CPU.Build.0 = Debug|Any CPU
		{698948BC-6E10-4CE0-A646-BF9C73C4556B}.Release|Any CPU.ActiveCfg = Release|Any CPU
		{698948BC-6E10-4CE0-A646-BF9C73C4556B}.Release|Any CPU.Build.0 = Release|Any CPU
	EndGlobalSection
	GlobalSection(SolutionProperties) = preSolution
		HideSolutionNode = FALSE
	EndGlobalSection
	GlobalSection(ExtensibilityGlobals) = postSolution
		SolutionGuid = {61F7FB11-1E47-470C-91E2-47F8143E1572}
	EndGlobalSection
	GlobalSection(NestedProjects) = preSolution
		{8951AC04-98D6-474A-9B32-FDDE6B51EAB9} = {9AB344A2-3B60-4C86-8E18-C6EF3CA4349D}
		{07E8AC67-CD6D-4002-A05B-7DD152703BE3} = {06EF9FFF-6365-4BF4-A644-F05B41BF2A9E}
		{F1002BF9-2DCE-4EA5-A480-B5B7E80E3173} = {9AB344A2-3B60-4C86-8E18-C6EF3CA4349D}
		{C759A465-1CE0-40FD-9E34-BC9309228F65} = {9AB344A2-3B60-4C86-8E18-C6EF3CA4349D}
		{AECE75EC-30F9-400F-A57B-46AD8E5B64D8} = {9AB344A2-3B60-4C86-8E18-C6EF3CA4349D}
		{F4D30C0D-0B94-4C9A-B908-849B2944F984} = {9AB344A2-3B60-4C86-8E18-C6EF3CA4349D}
		{F354C453-068A-4C7B-87EC-9F809FCF8D63} = {9AB344A2-3B60-4C86-8E18-C6EF3CA4349D}
		{429E46E4-0514-496C-AB9F-A0932719628F} = {9AB344A2-3B60-4C86-8E18-C6EF3CA4349D}
		{DA079B22-0A58-402D-AAA0-4058F2B26B68} = {9AB344A2-3B60-4C86-8E18-C6EF3CA4349D}
		{6F25F385-CE30-42B3-8A40-FC32CD945FBC} = {06EF9FFF-6365-4BF4-A644-F05B41BF2A9E}
		{826E5EF6-B058-4545-A21A-EE402E06888F} = {06EF9FFF-6365-4BF4-A644-F05B41BF2A9E}
		{DCD3E92D-DA22-448D-A760-42C447F1E144} = {06EF9FFF-6365-4BF4-A644-F05B41BF2A9E}
		{0B304CCB-BDB6-4262-9449-20B52ECFF167} = {06EF9FFF-6365-4BF4-A644-F05B41BF2A9E}
		{FD94F2F9-E271-4E9D-A41D-E64C53C27CD1} = {9AB344A2-3B60-4C86-8E18-C6EF3CA4349D}
		{5361B93D-5311-47A8-AE35-A0586BF21973} = {06EF9FFF-6365-4BF4-A644-F05B41BF2A9E}
		{D13B1B2B-121C-478F-854B-D7D8D506FD9B} = {9AB344A2-3B60-4C86-8E18-C6EF3CA4349D}
		{06248E39-D758-4937-B613-03DF03456FFF} = {06EF9FFF-6365-4BF4-A644-F05B41BF2A9E}
		{0EAABA80-16C8-4E6A-8950-A49DB269BD88} = {9AB344A2-3B60-4C86-8E18-C6EF3CA4349D}
		{9063782E-E219-4711-A11F-C14ED116E105} = {06EF9FFF-6365-4BF4-A644-F05B41BF2A9E}
		{65427678-71E1-4627-90FD-D6DACDDE3F90} = {9AB344A2-3B60-4C86-8E18-C6EF3CA4349D}
		{4143C8EB-AD97-4032-AFA6-3020F7D8860D} = {06EF9FFF-6365-4BF4-A644-F05B41BF2A9E}
		{0314BFCB-DD72-4595-AF52-F89DB60AF93A} = {06EF9FFF-6365-4BF4-A644-F05B41BF2A9E}
		{AB09DAB4-CD5C-4125-BCA2-4D03290D93BF} = {06EF9FFF-6365-4BF4-A644-F05B41BF2A9E}
		{698948BC-6E10-4CE0-A646-BF9C73C4556B} = {9AB344A2-3B60-4C86-8E18-C6EF3CA4349D}
	EndGlobalSection
EndGlobal
